
Microsoft Visual Studio Solution File, Format Version 12.00
# Visual Studio 14
VisualStudioVersion = 14.0.22310.1
MinimumVisualStudioVersion = 10.0.40219.1
Project("{FAE04EC0-301F-11D3-BF4B-00C04F79EFBC}") = "TCP_SenderCS", "TCP_SenderCS\TCP_SenderCS.csproj", "{17FA642D-EE38-479C-B9D3-810402FF0DBB}"
EndProject
Global
	GlobalSection(SolutionConfigurationPlatforms) = preSolution
		Debug|Any CPU = Debug|Any CPU
		Release|Any CPU = Release|Any CPU
	EndGlobalSection
	GlobalSection(ProjectConfigurationPlatforms) = postSolution
		{17FA642D-EE38-479C-B9D3-810402FF0DBB}.Debug|Any CPU.ActiveCfg = Debug|Any CPU
		{17FA642D-EE38-479C-B9D3-810402FF0DBB}.Debug|Any CPU.Build.0 = Debug|Any CPU
		{17FA642D-EE38-479C-B9D3-810402FF0DBB}.Release|Any CPU.ActiveCfg = Release|Any CPU
		{17FA642D-EE38-479C-B9D3-810402FF0DBB}.Release|Any CPU.Build.0 = Release|Any CPU
	EndGlobalSection
	GlobalSection(SolutionProperties) = preSolution
		HideSolutionNode = FALSE
	EndGlobalSection
EndGlobal
